// !$*UTF8*$!
{
	archiveVersion = 1;
	classes = {
	};
	objectVersion = 46;
	objects = {

/* Begin PBXBuildFile section */
		1D3623260D0F684500981E51 /* Hello_SOAPAppDelegate.m in Sources */ = {isa = PBXBuildFile; fileRef = 1D3623250D0F684500981E51 /* Hello_SOAPAppDelegate.m */; };
		1D60589B0D05DD56006BFB54 /* main.m in Sources */ = {isa = PBXBuildFile; fileRef = 29B97316FDCFA39411CA2CEA /* main.m */; };
		1D60589F0D05DD5A006BFB54 /* Foundation.framework in Frameworks */ = {isa = PBXBuildFile; fileRef = 1D30AB110D05D00D00671497 /* Foundation.framework */; };
		1DF5F4E00D08C38300B7A737 /* UIKit.framework in Frameworks */ = {isa = PBXBuildFile; fileRef = 1DF5F4DF0D08C38300B7A737 /* UIKit.framework */; };
		28AD733F0D9D9553002E5188 /* MainWindow.xib in Resources */ = {isa = PBXBuildFile; fileRef = 28AD733E0D9D9553002E5188 /* MainWindow.xib */; };
		28D7ACF80DDB3853001CB0EB /* Hello_SOAPViewController.m in Sources */ = {isa = PBXBuildFile; fileRef = 28D7ACF70DDB3853001CB0EB /* Hello_SOAPViewController.m */; };
		6B8B9B98196AAAE600DBF7F5 /* MNMBottomPullToRefresh.strings in Resources */ = {isa = PBXBuildFile; fileRef = 6B8B9B91196AAAE600DBF7F5 /* MNMBottomPullToRefresh.strings */; };
		6B8B9B99196AAAE600DBF7F5 /* MNMBottomPullToRefreshArrow.png in Resources */ = {isa = PBXBuildFile; fileRef = 6B8B9B92196AAAE600DBF7F5 /* MNMBottomPullToRefreshArrow.png */; };
		6B8B9B9A196AAAE600DBF7F5 /* MNMBottomPullToRefreshArrow@2x.png in Resources */ = {isa = PBXBuildFile; fileRef = 6B8B9B93196AAAE600DBF7F5 /* MNMBottomPullToRefreshArrow@2x.png */; };
		6B8B9B9B196AAAE600DBF7F5 /* MNMBottomPullToRefreshManager.m in Sources */ = {isa = PBXBuildFile; fileRef = 6B8B9B95196AAAE600DBF7F5 /* MNMBottomPullToRefreshManager.m */; };
		6B8B9B9C196AAAE600DBF7F5 /* MNMBottomPullToRefreshView.m in Sources */ = {isa = PBXBuildFile; fileRef = 6B8B9B97196AAAE600DBF7F5 /* MNMBottomPullToRefreshView.m */; };
		6BBAF535190AFFBF0080437D /* title.png in Resources */ = {isa = PBXBuildFile; fileRef = 6BBAF534190AFFBF0080437D /* title.png */; };
		6BBAF539190B02680080437D /* NSString+stripHtml.m in Sources */ = {isa = PBXBuildFile; fileRef = 6BBAF538190B02680080437D /* NSString+stripHtml.m */; };
		6BE89056188A8C9C00728414 /* listTableTitle.png in Resources */ = {isa = PBXBuildFile; fileRef = 6BE89055188A8C9C00728414 /* listTableTitle.png */; };
		6BEBB498190ADA42005E51F0 /* MBProgressHUD.m in Sources */ = {isa = PBXBuildFile; fileRef = 6BEBB497190ADA42005E51F0 /* MBProgressHUD.m */; };
		6BEBB49C190AE0F5005E51F0 /* TicketDetailViewController.m in Sources */ = {isa = PBXBuildFile; fileRef = 6BEBB49A190AE0F5005E51F0 /* TicketDetailViewController.m */; };
		7D2283CB1A1268470063F087 /* Main.storyboard in Resources */ = {isa = PBXBuildFile; fileRef = 7D2283CA1A1268470063F087 /* Main.storyboard */; };
		A583ED69188946C9006B9733 /* ActionScreenTitle1.png in Resources */ = {isa = PBXBuildFile; fileRef = A583ED67188946C9006B9733 /* ActionScreenTitle1.png */; };
		A583ED6A188946C9006B9733 /* ActionScreenTitle.png in Resources */ = {isa = PBXBuildFile; fileRef = A583ED68188946C9006B9733 /* ActionScreenTitle.png */; };
		C3229E171770F1EE003E9C41 /* UIGridView.m in Sources */ = {isa = PBXBuildFile; fileRef = C3229E111770F1EE003E9C41 /* UIGridView.m */; };
		C3229E181770F1EE003E9C41 /* UIGridViewCell.m in Sources */ = {isa = PBXBuildFile; fileRef = C3229E131770F1EE003E9C41 /* UIGridViewCell.m */; };
		C3229E191770F1EE003E9C41 /* UIGridViewRow.m in Sources */ = {isa = PBXBuildFile; fileRef = C3229E161770F1EE003E9C41 /* UIGridViewRow.m */; };
		C3229E1C1770F21C003E9C41 /* Cell.m in Sources */ = {isa = PBXBuildFile; fileRef = C3229E1B1770F21C003E9C41 /* Cell.m */; };
		C3229E2517710135003E9C41 /* Screen3GridViewController.m in Sources */ = {isa = PBXBuildFile; fileRef = C3229E2317710135003E9C41 /* Screen3GridViewController.m */; };
		C3229E2A17710D42003E9C41 /* Screen4GridViewController.m in Sources */ = {isa = PBXBuildFile; fileRef = C3229E2817710D42003E9C41 /* Screen4GridViewController.m */; };
		C329CA6517A9B25D00902C86 /* appLogo57.png in Resources */ = {isa = PBXBuildFile; fileRef = C329CA6417A9B25D00902C86 /* appLogo57.png */; };
		C329CA6717A9B26400902C86 /* AppLogo114.png in Resources */ = {isa = PBXBuildFile; fileRef = C329CA6617A9B26400902C86 /* AppLogo114.png */; };
		C33B5DE91837D22000A8F541 /* A1complaints - 114x114.png in Resources */ = {isa = PBXBuildFile; fileRef = C33B5DE61837D22000A8F541 /* A1complaints - 114x114.png */; };
		C33B5DEA1837D22000A8F541 /* A1complaints - 120x120.png in Resources */ = {isa = PBXBuildFile; fileRef = C33B5DE71837D22000A8F541 /* A1complaints - 120x120.png */; };
		C33B5DEB1837D22000A8F541 /* A1complaints - 57x57.png in Resources */ = {isa = PBXBuildFile; fileRef = C33B5DE81837D22000A8F541 /* A1complaints - 57x57.png */; };
		C343ED22181D025600307210 /* homeBack.png in Resources */ = {isa = PBXBuildFile; fileRef = C343ED1E181D025600307210 /* homeBack.png */; };
		C343ED23181D025600307210 /* homeBack1.png in Resources */ = {isa = PBXBuildFile; fileRef = C343ED1F181D025600307210 /* homeBack1.png */; };
		C343ED24181D025600307210 /* homeCheck.png in Resources */ = {isa = PBXBuildFile; fileRef = C343ED20181D025600307210 /* homeCheck.png */; };
		C343ED25181D025600307210 /* homeLogin.png in Resources */ = {isa = PBXBuildFile; fileRef = C343ED21181D025600307210 /* homeLogin.png */; };
		C343ED33181D218200307210 /* listBottomBar.png in Resources */ = {isa = PBXBuildFile; fileRef = C343ED27181D218200307210 /* listBottomBar.png */; };
		C343ED34181D218200307210 /* listClosedDown.png in Resources */ = {isa = PBXBuildFile; fileRef = C343ED28181D218200307210 /* listClosedDown.png */; };
		C343ED35181D218200307210 /* listClosedUp.png in Resources */ = {isa = PBXBuildFile; fileRef = C343ED29181D218200307210 /* listClosedUp.png */; };
		C343ED36181D218200307210 /* listLogout.png in Resources */ = {isa = PBXBuildFile; fileRef = C343ED2A181D218200307210 /* listLogout.png */; };
		C343ED37181D218200307210 /* listMenu.png in Resources */ = {isa = PBXBuildFile; fileRef = C343ED2B181D218200307210 /* listMenu.png */; };
		C343ED38181D218200307210 /* listMenu1.png in Resources */ = {isa = PBXBuildFile; fileRef = C343ED2C181D218200307210 /* listMenu1.png */; };
		C343ED39181D218200307210 /* listNewDown.png in Resources */ = {isa = PBXBuildFile; fileRef = C343ED2D181D218200307210 /* listNewDown.png */; };
		C343ED3A181D218200307210 /* listNewUp.png in Resources */ = {isa = PBXBuildFile; fileRef = C343ED2E181D218200307210 /* listNewUp.png */; };
		C343ED3B181D218200307210 /* listOnGoingDown.png in Resources */ = {isa = PBXBuildFile; fileRef = C343ED2F181D218200307210 /* listOnGoingDown.png */; };
		C343ED3C181D218200307210 /* listOnGoingUp.png in Resources */ = {isa = PBXBuildFile; fileRef = C343ED30181D218200307210 /* listOnGoingUp.png */; };
		C343ED3D181D218200307210 /* listReload.png in Resources */ = {isa = PBXBuildFile; fileRef = C343ED31181D218200307210 /* listReload.png */; };
		C343ED4C181D436800307210 /* concernCallDown.png in Resources */ = {isa = PBXBuildFile; fileRef = C343ED40181D436800307210 /* concernCallDown.png */; };
		C343ED4D181D436800307210 /* concernCallUp.png in Resources */ = {isa = PBXBuildFile; fileRef = C343ED41181D436800307210 /* concernCallUp.png */; };
		C343ED4E181D436800307210 /* concernCloseDown.png in Resources */ = {isa = PBXBuildFile; fileRef = C343ED42181D436800307210 /* concernCloseDown.png */; };
		C343ED4F181D436800307210 /* concernCloseUp.png in Resources */ = {isa = PBXBuildFile; fileRef = C343ED43181D436800307210 /* concernCloseUp.png */; };
		C343ED50181D436800307210 /* concernMessageDown.png in Resources */ = {isa = PBXBuildFile; fileRef = C343ED44181D436800307210 /* concernMessageDown.png */; };
		C343ED51181D436800307210 /* concernMessageUp.png in Resources */ = {isa = PBXBuildFile; fileRef = C343ED45181D436800307210 /* concernMessageUp.png */; };
		C343ED52181D436800307210 /* concernNext.png in Resources */ = {isa = PBXBuildFile; fileRef = C343ED46181D436800307210 /* concernNext.png */; };
		C343ED53181D436800307210 /* concernPrev.png in Resources */ = {isa = PBXBuildFile; fileRef = C343ED47181D436800307210 /* concernPrev.png */; };
		C343ED54181D436800307210 /* concernReleaseDown.png in Resources */ = {isa = PBXBuildFile; fileRef = C343ED48181D436800307210 /* concernReleaseDown.png */; };
		C343ED55181D436800307210 /* concernReleaseUp.png in Resources */ = {isa = PBXBuildFile; fileRef = C343ED49181D436800307210 /* concernReleaseUp.png */; };
		C343ED56181D436800307210 /* concernTitle.png in Resources */ = {isa = PBXBuildFile; fileRef = C343ED4A181D436800307210 /* concernTitle.png */; };
		C343ED57181D436800307210 /* concernTitle1.png in Resources */ = {isa = PBXBuildFile; fileRef = C343ED4B181D436800307210 /* concernTitle1.png */; };
		C343ED62181D912D00307210 /* responseCancelDown.png in Resources */ = {isa = PBXBuildFile; fileRef = C343ED5B181D912D00307210 /* responseCancelDown.png */; };
		C343ED63181D912D00307210 /* responseCancelUp.png in Resources */ = {isa = PBXBuildFile; fileRef = C343ED5C181D912D00307210 /* responseCancelUp.png */; };
		C343ED64181D912D00307210 /* responsePrev.png in Resources */ = {isa = PBXBuildFile; fileRef = C343ED5D181D912D00307210 /* responsePrev.png */; };
		C343ED65181D912D00307210 /* responseSubmitDown.png in Resources */ = {isa = PBXBuildFile; fileRef = C343ED5E181D912D00307210 /* responseSubmitDown.png */; };
		C343ED66181D912D00307210 /* responseSubmitUp.png in Resources */ = {isa = PBXBuildFile; fileRef = C343ED5F181D912D00307210 /* responseSubmitUp.png */; };
		C343ED67181D912D00307210 /* responseTitle.png in Resources */ = {isa = PBXBuildFile; fileRef = C343ED60181D912D00307210 /* responseTitle.png */; };
		C343ED68181D912D00307210 /* responseTitle1.png in Resources */ = {isa = PBXBuildFile; fileRef = C343ED61181D912D00307210 /* responseTitle1.png */; };
		C343ED6D181E0CAA00307210 /* Default-568h@2x.png in Resources */ = {isa = PBXBuildFile; fileRef = C343ED6A181E0CAA00307210 /* Default-568h@2x.png */; };
		C343ED6E181E0CAA00307210 /* Default.png in Resources */ = {isa = PBXBuildFile; fileRef = C343ED6B181E0CAA00307210 /* Default.png */; };
		C343ED6F181E0CAA00307210 /* Default@2x.png in Resources */ = {isa = PBXBuildFile; fileRef = C343ED6C181E0CAA00307210 /* Default@2x.png */; };
		C35B0BFD178A61050055B3C1 /* ConcernInfoViewController.m in Sources */ = {isa = PBXBuildFile; fileRef = C35B0BFB178A61040055B3C1 /* ConcernInfoViewController.m */; };
		C35B0C03178AB3DE0055B3C1 /* btnBack.png in Resources */ = {isa = PBXBuildFile; fileRef = C35B0C01178AB3DE0055B3C1 /* btnBack.png */; };
		C35B0C04178AB3DE0055B3C1 /* writing.png in Resources */ = {isa = PBXBuildFile; fileRef = C35B0C02178AB3DE0055B3C1 /* writing.png */; };
		C35B0C08178AB8F50055B3C1 /* actionDetailViewController.m in Sources */ = {isa = PBXBuildFile; fileRef = C35B0C06178AB8F50055B3C1 /* actionDetailViewController.m */; };
		C35B0C0D178AEE4B0055B3C1 /* selectActionViewController.m in Sources */ = {isa = PBXBuildFile; fileRef = C35B0C0B178AEE4B0055B3C1 /* selectActionViewController.m */; };
		C35B0C12178AFF010055B3C1 /* chooseCalViewController.m in Sources */ = {isa = PBXBuildFile; fileRef = C35B0C10178AFF000055B3C1 /* chooseCalViewController.m */; };
		C35B0C17178B53760055B3C1 /* rejectViewController.m in Sources */ = {isa = PBXBuildFile; fileRef = C35B0C15178B53750055B3C1 /* rejectViewController.m */; };
		C35B0C1C178BEE7D0055B3C1 /* calViewController.m in Sources */ = {isa = PBXBuildFile; fileRef = C35B0C1A178BEE7C0055B3C1 /* calViewController.m */; };
		C35B0C21178BEEA30055B3C1 /* messageViewController.m in Sources */ = {isa = PBXBuildFile; fileRef = C35B0C1F178BEEA20055B3C1 /* messageViewController.m */; };
		C379825E176FA91E00E6D503 /* ticketGridViewController.m in Sources */ = {isa = PBXBuildFile; fileRef = C379825C176FA91E00E6D503 /* ticketGridViewController.m */; };
		C38435F117809911006BFEED /* OCCalendarView.m in Sources */ = {isa = PBXBuildFile; fileRef = C38435E917809911006BFEED /* OCCalendarView.m */; };
		C38435F217809911006BFEED /* OCCalendarViewController.m in Sources */ = {isa = PBXBuildFile; fileRef = C38435EB17809911006BFEED /* OCCalendarViewController.m */; };
		C38435F317809911006BFEED /* OCDaysView.m in Sources */ = {isa = PBXBuildFile; fileRef = C38435ED17809911006BFEED /* OCDaysView.m */; };
		C38435F417809911006BFEED /* OCSelectionView.m in Sources */ = {isa = PBXBuildFile; fileRef = C38435EF17809911006BFEED /* OCSelectionView.m */; };
		C38435F617809FA2006BFEED /* CoreGraphics.framework in Frameworks */ = {isa = PBXBuildFile; fileRef = C38435F517809FA2006BFEED /* CoreGraphics.framework */; };
		C38BF55017F181E9009DE12D /* icon_60@2x.png in Resources */ = {isa = PBXBuildFile; fileRef = C38BF54F17F181E9009DE12D /* icon_60@2x.png */; };
		C399C8291823030C00C87811 /* btnChooseCancel.png in Resources */ = {isa = PBXBuildFile; fileRef = C399C8221823030C00C87811 /* btnChooseCancel.png */; };
		C399C82A1823030C00C87811 /* pinChooseBack.png in Resources */ = {isa = PBXBuildFile; fileRef = C399C8231823030C00C87811 /* pinChooseBack.png */; };
		C399C82B1823030C00C87811 /* pinChooseBack1.png in Resources */ = {isa = PBXBuildFile; fileRef = C399C8241823030C00C87811 /* pinChooseBack1.png */; };
		C399C82C1823030C00C87811 /* pinChooseConfirm.png in Resources */ = {isa = PBXBuildFile; fileRef = C399C8251823030C00C87811 /* pinChooseConfirm.png */; };
		C399C82D1823030C00C87811 /* pinInputBack.png in Resources */ = {isa = PBXBuildFile; fileRef = C399C8261823030C00C87811 /* pinInputBack.png */; };
		C399C82E1823030C00C87811 /* pinInputBack1.png in Resources */ = {isa = PBXBuildFile; fileRef = C399C8271823030C00C87811 /* pinInputBack1.png */; };
		C399C82F1823030C00C87811 /* pinInputLogin.png in Resources */ = {isa = PBXBuildFile; fileRef = C399C8281823030C00C87811 /* pinInputLogin.png */; };
		C399C8311823071200C87811 /* pinChooseCancel.png in Resources */ = {isa = PBXBuildFile; fileRef = C399C8301823071200C87811 /* pinChooseCancel.png */; };
		C399C8351823B45500C87811 /* pinLoading.png in Resources */ = {isa = PBXBuildFile; fileRef = C399C8341823B45500C87811 /* pinLoading.png */; };
		C3AA5D5B17BE35330017E963 /* screen2_1.png in Resources */ = {isa = PBXBuildFile; fileRef = C3AA5D5A17BE35320017E963 /* screen2_1.png */; };
		C3AE25F2177A25C800A0F366 /* MessageUI.framework in Frameworks */ = {isa = PBXBuildFile; fileRef = C3AE25F1177A25C800A0F366 /* MessageUI.framework */; };
		C3AE25F5177AE79E00A0F366 /* CoreTelephony.framework in Frameworks */ = {isa = PBXBuildFile; fileRef = C3AE25F4177AE79E00A0F366 /* CoreTelephony.framework */; };
		C3B93C8F17A0D802005D0001 /* screen1.PNG in Resources */ = {isa = PBXBuildFile; fileRef = C3B93C8A17A0D802005D0001 /* screen1.PNG */; };
		C3B93C9017A0D802005D0001 /* screen2.PNG in Resources */ = {isa = PBXBuildFile; fileRef = C3B93C8B17A0D802005D0001 /* screen2.PNG */; };
		C3B93C9117A0D802005D0001 /* screen3.PNG in Resources */ = {isa = PBXBuildFile; fileRef = C3B93C8C17A0D802005D0001 /* screen3.PNG */; };
		C3B93C9217A0D802005D0001 /* screen4.PNG in Resources */ = {isa = PBXBuildFile; fileRef = C3B93C8D17A0D802005D0001 /* screen4.PNG */; };
		C3B93C9317A0D802005D0001 /* screen5.PNG in Resources */ = {isa = PBXBuildFile; fileRef = C3B93C8E17A0D802005D0001 /* screen5.PNG */; };
		C3B93C9617A26F20005D0001 /* checked.jpg in Resources */ = {isa = PBXBuildFile; fileRef = C3B93C9417A26F20005D0001 /* checked.jpg */; };
		C3B93C9717A26F20005D0001 /* unChecked.png in Resources */ = {isa = PBXBuildFile; fileRef = C3B93C9517A26F20005D0001 /* unChecked.png */; };
		C3B93C9D17A2A00D005D0001 /* screen6.PNG in Resources */ = {isa = PBXBuildFile; fileRef = C3B93C9817A2A00D005D0001 /* screen6.PNG */; };
		C3B93C9E17A2A00D005D0001 /* screen7.PNG in Resources */ = {isa = PBXBuildFile; fileRef = C3B93C9917A2A00D005D0001 /* screen7.PNG */; };
		C3B93C9F17A2A00D005D0001 /* screen8.PNG in Resources */ = {isa = PBXBuildFile; fileRef = C3B93C9A17A2A00D005D0001 /* screen8.PNG */; };
		C3B93CA017A2A00D005D0001 /* screen9.PNG in Resources */ = {isa = PBXBuildFile; fileRef = C3B93C9B17A2A00D005D0001 /* screen9.PNG */; };
		C3B93CA117A2A00D005D0001 /* screen10.PNG in Resources */ = {isa = PBXBuildFile; fileRef = C3B93C9C17A2A00D005D0001 /* screen10.PNG */; };
		C3BD64EC1783246900415858 /* Helveticaaa.otf in Resources */ = {isa = PBXBuildFile; fileRef = C3BD64EB1783246900415858 /* Helveticaaa.otf */; };
		C3BD650017836A6B00415858 /* refresh.png in Resources */ = {isa = PBXBuildFile; fileRef = C3BD64F717836A6B00415858 /* refresh.png */; };
		C3BD650117836A6B00415858 /* setting.png in Resources */ = {isa = PBXBuildFile; fileRef = C3BD64F817836A6B00415858 /* setting.png */; };
		C3CBB1B418336C3A0098F629 /* ActionScreenBack.png in Resources */ = {isa = PBXBuildFile; fileRef = C3CBB1B018336C3A0098F629 /* ActionScreenBack.png */; };
		C3CBB1B518336C3A0098F629 /* ActionScreenReload.png in Resources */ = {isa = PBXBuildFile; fileRef = C3CBB1B118336C3A0098F629 /* ActionScreenReload.png */; };
		C3CBB1C1183377360098F629 /* Call ScreenBackT.png in Resources */ = {isa = PBXBuildFile; fileRef = C3CBB1B9183377360098F629 /* Call ScreenBackT.png */; };
		C3CBB1C2183377360098F629 /* CallScreenBack.png in Resources */ = {isa = PBXBuildFile; fileRef = C3CBB1BA183377360098F629 /* CallScreenBack.png */; };
		C3CBB1C3183377360098F629 /* CallScreenCallBack.png in Resources */ = {isa = PBXBuildFile; fileRef = C3CBB1BB183377360098F629 /* CallScreenCallBack.png */; };
		C3CBB1C4183377360098F629 /* CallScreenClose.png in Resources */ = {isa = PBXBuildFile; fileRef = C3CBB1BC183377360098F629 /* CallScreenClose.png */; };
		C3CBB1C5183377360098F629 /* CallScreenMessage.png in Resources */ = {isa = PBXBuildFile; fileRef = C3CBB1BD183377360098F629 /* CallScreenMessage.png */; };
		C3CBB1C6183377360098F629 /* CallScreenRelease.png in Resources */ = {isa = PBXBuildFile; fileRef = C3CBB1BE183377360098F629 /* CallScreenRelease.png */; };
		C3CBB1C7183377360098F629 /* CallScreenTitle.png in Resources */ = {isa = PBXBuildFile; fileRef = C3CBB1BF183377360098F629 /* CallScreenTitle.png */; };
		C3CBB1C8183377360098F629 /* CallScreenTitle1.png in Resources */ = {isa = PBXBuildFile; fileRef = C3CBB1C0183377360098F629 /* CallScreenTitle1.png */; };
		C3CC464817CFE16C008A8514 /* screenLoading.png in Resources */ = {isa = PBXBuildFile; fileRef = C3CC464717CFE16B008A8514 /* screenLoading.png */; };
		C3D475461776127F009A45E4 /* MyParserViewController.m in Sources */ = {isa = PBXBuildFile; fileRef = C3D475451776127F009A45E4 /* MyParserViewController.m */; };
		C3D475491776F9DB009A45E4 /* FileIO.m in Sources */ = {isa = PBXBuildFile; fileRef = C3D475481776F9DB009A45E4 /* FileIO.m */; };
		C3F4D8FF17712DF70066743A /* pinInputViewController.m in Sources */ = {isa = PBXBuildFile; fileRef = C3F4D8FD17712DF70066743A /* pinInputViewController.m */; };
		F1519DD31C4CEB6B00BC3CD2 /* LocalAuthentication.framework in Frameworks */ = {isa = PBXBuildFile; fileRef = F1519DD21C4CEB6B00BC3CD2 /* LocalAuthentication.framework */; };
/* End PBXBuildFile section */

/* Begin PBXBuildRule section */
		6DB95B3E189F4CA700C259C9 /* PBXBuildRule */ = {
			isa = PBXBuildRule;
			compilerSpec = com.apple.compilers.proxy.script;
			fileType = file.bplist;
			isEditable = 1;
			outputFiles = (
			);
			script = "# builtin-copyPlist\n";
		};
/* End PBXBuildRule section */

/* Begin PBXFileReference section */
		1D30AB110D05D00D00671497 /* Foundation.framework */ = {isa = PBXFileReference; lastKnownFileType = wrapper.framework; name = Foundation.framework; path = System/Library/Frameworks/Foundation.framework; sourceTree = SDKROOT; };
		1D3623240D0F684500981E51 /* Hello_SOAPAppDelegate.h */ = {isa = PBXFileReference; fileEncoding = 4; lastKnownFileType = sourcecode.c.h; path = Hello_SOAPAppDelegate.h; sourceTree = "<group>"; };
		1D3623250D0F684500981E51 /* Hello_SOAPAppDelegate.m */ = {isa = PBXFileReference; fileEncoding = 4; lastKnownFileType = sourcecode.c.objc; path = Hello_SOAPAppDelegate.m; sourceTree = "<group>"; };
		1D6058910D05DD3D006BFB54 /* ApoyarA1 Complaints V2.1.app */ = {isa = PBXFileReference; explicitFileType = wrapper.application; includeInIndex = 0; path = "ApoyarA1 Complaints V2.1.app"; sourceTree = BUILT_PRODUCTS_DIR; };
		1DF5F4DF0D08C38300B7A737 /* UIKit.framework */ = {isa = PBXFileReference; lastKnownFileType = wrapper.framework; name = UIKit.framework; path = System/Library/Frameworks/UIKit.framework; sourceTree = SDKROOT; };
		28AD733E0D9D9553002E5188 /* MainWindow.xib */ = {isa = PBXFileReference; lastKnownFileType = file.xib; path = MainWindow.xib; sourceTree = "<group>"; };
		28D7ACF60DDB3853001CB0EB /* Hello_SOAPViewController.h */ = {isa = PBXFileReference; fileEncoding = 4; lastKnownFileType = sourcecode.c.h; path = Hello_SOAPViewController.h; sourceTree = "<group>"; };
		28D7ACF70DDB3853001CB0EB /* Hello_SOAPViewController.m */ = {isa = PBXFileReference; fileEncoding = 4; lastKnownFileType = sourcecode.c.objc; path = Hello_SOAPViewController.m; sourceTree = "<group>"; };
		29B97316FDCFA39411CA2CEA /* main.m */ = {isa = PBXFileReference; fileEncoding = 4; lastKnownFileType = sourcecode.c.objc; path = main.m; sourceTree = "<group>"; };
		32CA4F630368D1EE00C91783 /* ApoyarA1 Complaints V2.1_Prefix.pch */ = {isa = PBXFileReference; fileEncoding = 4; lastKnownFileType = sourcecode.c.h; path = "ApoyarA1 Complaints V2.1_Prefix.pch"; sourceTree = "<group>"; };
		6B8B9B91196AAAE600DBF7F5 /* MNMBottomPullToRefresh.strings */ = {isa = PBXFileReference; fileEncoding = 4; lastKnownFileType = text.plist.strings; path = MNMBottomPullToRefresh.strings; sourceTree = "<group>"; };
		6B8B9B92196AAAE600DBF7F5 /* MNMBottomPullToRefreshArrow.png */ = {isa = PBXFileReference; lastKnownFileType = image.png; path = MNMBottomPullToRefreshArrow.png; sourceTree = "<group>"; };
		6B8B9B93196AAAE600DBF7F5 /* MNMBottomPullToRefreshArrow@2x.png */ = {isa = PBXFileReference; lastKnownFileType = image.png; path = "MNMBottomPullToRefreshArrow@2x.png"; sourceTree = "<group>"; };
		6B8B9B94196AAAE600DBF7F5 /* MNMBottomPullToRefreshManager.h */ = {isa = PBXFileReference; fileEncoding = 4; lastKnownFileType = sourcecode.c.h; path = MNMBottomPullToRefreshManager.h; sourceTree = "<group>"; };
		6B8B9B95196AAAE600DBF7F5 /* MNMBottomPullToRefreshManager.m */ = {isa = PBXFileReference; fileEncoding = 4; lastKnownFileType = sourcecode.c.objc; path = MNMBottomPullToRefreshManager.m; sourceTree = "<group>"; };
		6B8B9B96196AAAE600DBF7F5 /* MNMBottomPullToRefreshView.h */ = {isa = PBXFileReference; fileEncoding = 4; lastKnownFileType = sourcecode.c.h; path = MNMBottomPullToRefreshView.h; sourceTree = "<group>"; };
		6B8B9B97196AAAE600DBF7F5 /* MNMBottomPullToRefreshView.m */ = {isa = PBXFileReference; fileEncoding = 4; lastKnownFileType = sourcecode.c.objc; path = MNMBottomPullToRefreshView.m; sourceTree = "<group>"; };
		6BBAF534190AFFBF0080437D /* title.png */ = {isa = PBXFileReference; lastKnownFileType = image.png; path = title.png; sourceTree = "<group>"; };
		6BBAF537190B02680080437D /* NSString+stripHtml.h */ = {isa = PBXFileReference; fileEncoding = 4; lastKnownFileType = sourcecode.c.h; name = "NSString+stripHtml.h"; path = "Model/NSString+stripHtml.h"; sourceTree = "<group>"; };
		6BBAF538190B02680080437D /* NSString+stripHtml.m */ = {isa = PBXFileReference; fileEncoding = 4; lastKnownFileType = sourcecode.c.objc; name = "NSString+stripHtml.m"; path = "Model/NSString+stripHtml.m"; sourceTree = "<group>"; };
		6BE89055188A8C9C00728414 /* listTableTitle.png */ = {isa = PBXFileReference; lastKnownFileType = image.png; path = listTableTitle.png; sourceTree = "<group>"; };
		6BEBB496190ADA42005E51F0 /* MBProgressHUD.h */ = {isa = PBXFileReference; fileEncoding = 4; lastKnownFileType = sourcecode.c.h; path = MBProgressHUD.h; sourceTree = "<group>"; };
		6BEBB497190ADA42005E51F0 /* MBProgressHUD.m */ = {isa = PBXFileReference; fileEncoding = 4; lastKnownFileType = sourcecode.c.objc; path = MBProgressHUD.m; sourceTree = "<group>"; };
		6BEBB499190AE0F5005E51F0 /* TicketDetailViewController.h */ = {isa = PBXFileReference; fileEncoding = 4; lastKnownFileType = sourcecode.c.h; name = TicketDetailViewController.h; path = UIGridView/TicketDetailViewController.h; sourceTree = "<group>"; };
		6BEBB49A190AE0F5005E51F0 /* TicketDetailViewController.m */ = {isa = PBXFileReference; fileEncoding = 4; lastKnownFileType = sourcecode.c.objc; name = TicketDetailViewController.m; path = UIGridView/TicketDetailViewController.m; sourceTree = "<group>"; };
		7D2283CA1A1268470063F087 /* Main.storyboard */ = {isa = PBXFileReference; fileEncoding = 4; lastKnownFileType = file.storyboard; path = Main.storyboard; sourceTree = "<group>"; };
		8D1107310486CEB800E47090 /* Info.plist */ = {isa = PBXFileReference; fileEncoding = 4; lastKnownFileType = text.plist.xml; path = Info.plist; sourceTree = "<group>"; };
		A583ED67188946C9006B9733 /* ActionScreenTitle1.png */ = {isa = PBXFileReference; lastKnownFileType = image.png; path = ActionScreenTitle1.png; sourceTree = "<group>"; };
		A583ED68188946C9006B9733 /* ActionScreenTitle.png */ = {isa = PBXFileReference; lastKnownFileType = image.png; path = ActionScreenTitle.png; sourceTree = "<group>"; };
		C3229E101770F1EE003E9C41 /* UIGridView.h */ = {isa = PBXFileReference; fileEncoding = 4; lastKnownFileType = sourcecode.c.h; path = UIGridView.h; sourceTree = "<group>"; };
		C3229E111770F1EE003E9C41 /* UIGridView.m */ = {isa = PBXFileReference; fileEncoding = 4; lastKnownFileType = sourcecode.c.objc; path = UIGridView.m; sourceTree = "<group>"; };
		C3229E121770F1EE003E9C41 /* UIGridViewCell.h */ = {isa = PBXFileReference; fileEncoding = 4; lastKnownFileType = sourcecode.c.h; path = UIGridViewCell.h; sourceTree = "<group>"; };
		C3229E131770F1EE003E9C41 /* UIGridViewCell.m */ = {isa = PBXFileReference; fileEncoding = 4; lastKnownFileType = sourcecode.c.objc; path = UIGridViewCell.m; sourceTree = "<group>"; };
		C3229E141770F1EE003E9C41 /* UIGridViewDelegate.h */ = {isa = PBXFileReference; fileEncoding = 4; lastKnownFileType = sourcecode.c.h; path = UIGridViewDelegate.h; sourceTree = "<group>"; };
		C3229E151770F1EE003E9C41 /* UIGridViewRow.h */ = {isa = PBXFileReference; fileEncoding = 4; lastKnownFileType = sourcecode.c.h; path = UIGridViewRow.h; sourceTree = "<group>"; };
		C3229E161770F1EE003E9C41 /* UIGridViewRow.m */ = {isa = PBXFileReference; fileEncoding = 4; lastKnownFileType = sourcecode.c.objc; path = UIGridViewRow.m; sourceTree = "<group>"; };
		C3229E1A1770F21C003E9C41 /* Cell.h */ = {isa = PBXFileReference; fileEncoding = 4; lastKnownFileType = sourcecode.c.h; path = Cell.h; sourceTree = "<group>"; };
		C3229E1B1770F21C003E9C41 /* Cell.m */ = {isa = PBXFileReference; fileEncoding = 4; lastKnownFileType = sourcecode.c.objc; path = Cell.m; sourceTree = "<group>"; };
		C3229E2217710135003E9C41 /* Screen3GridViewController.h */ = {isa = PBXFileReference; fileEncoding = 4; lastKnownFileType = sourcecode.c.h; path = Screen3GridViewController.h; sourceTree = "<group>"; };
		C3229E2317710135003E9C41 /* Screen3GridViewController.m */ = {isa = PBXFileReference; fileEncoding = 4; lastKnownFileType = sourcecode.c.objc; path = Screen3GridViewController.m; sourceTree = "<group>"; };
		C3229E2717710D42003E9C41 /* Screen4GridViewController.h */ = {isa = PBXFileReference; fileEncoding = 4; lastKnownFileType = sourcecode.c.h; path = Screen4GridViewController.h; sourceTree = "<group>"; };
		C3229E2817710D42003E9C41 /* Screen4GridViewController.m */ = {isa = PBXFileReference; fileEncoding = 4; lastKnownFileType = sourcecode.c.objc; path = Screen4GridViewController.m; sourceTree = "<group>"; };
		C329CA6417A9B25D00902C86 /* appLogo57.png */ = {isa = PBXFileReference; lastKnownFileType = image.png; path = appLogo57.png; sourceTree = "<group>"; };
		C329CA6617A9B26400902C86 /* AppLogo114.png */ = {isa = PBXFileReference; lastKnownFileType = image.png; path = AppLogo114.png; sourceTree = "<group>"; };
		C33B5DE61837D22000A8F541 /* A1complaints - 114x114.png */ = {isa = PBXFileReference; lastKnownFileType = image.png; path = "A1complaints - 114x114.png"; sourceTree = "<group>"; };
		C33B5DE71837D22000A8F541 /* A1complaints - 120x120.png */ = {isa = PBXFileReference; lastKnownFileType = image.png; path = "A1complaints - 120x120.png"; sourceTree = "<group>"; };
		C33B5DE81837D22000A8F541 /* A1complaints - 57x57.png */ = {isa = PBXFileReference; lastKnownFileType = image.png; path = "A1complaints - 57x57.png"; sourceTree = "<group>"; };
		C343ED1E181D025600307210 /* homeBack.png */ = {isa = PBXFileReference; lastKnownFileType = image.png; path = homeBack.png; sourceTree = "<group>"; };
		C343ED1F181D025600307210 /* homeBack1.png */ = {isa = PBXFileReference; lastKnownFileType = image.png; path = homeBack1.png; sourceTree = "<group>"; };
		C343ED20181D025600307210 /* homeCheck.png */ = {isa = PBXFileReference; lastKnownFileType = image.png; path = homeCheck.png; sourceTree = "<group>"; };
		C343ED21181D025600307210 /* homeLogin.png */ = {isa = PBXFileReference; lastKnownFileType = image.png; path = homeLogin.png; sourceTree = "<group>"; };
		C343ED27181D218200307210 /* listBottomBar.png */ = {isa = PBXFileReference; lastKnownFileType = image.png; path = listBottomBar.png; sourceTree = "<group>"; };
		C343ED28181D218200307210 /* listClosedDown.png */ = {isa = PBXFileReference; lastKnownFileType = image.png; path = listClosedDown.png; sourceTree = "<group>"; };
		C343ED29181D218200307210 /* listClosedUp.png */ = {isa = PBXFileReference; lastKnownFileType = image.png; path = listClosedUp.png; sourceTree = "<group>"; };
		C343ED2A181D218200307210 /* listLogout.png */ = {isa = PBXFileReference; lastKnownFileType = image.png; path = listLogout.png; sourceTree = "<group>"; };
		C343ED2B181D218200307210 /* listMenu.png */ = {isa = PBXFileReference; lastKnownFileType = image.png; path = listMenu.png; sourceTree = "<group>"; };
		C343ED2C181D218200307210 /* listMenu1.png */ = {isa = PBXFileReference; lastKnownFileType = image.png; path = listMenu1.png; sourceTree = "<group>"; };
		C343ED2D181D218200307210 /* listNewDown.png */ = {isa = PBXFileReference; lastKnownFileType = image.png; path = listNewDown.png; sourceTree = "<group>"; };
		C343ED2E181D218200307210 /* listNewUp.png */ = {isa = PBXFileReference; lastKnownFileType = image.png; path = listNewUp.png; sourceTree = "<group>"; };
		C343ED2F181D218200307210 /* listOnGoingDown.png */ = {isa = PBXFileReference; lastKnownFileType = image.png; path = listOnGoingDown.png; sourceTree = "<group>"; };
		C343ED30181D218200307210 /* listOnGoingUp.png */ = {isa = PBXFileReference; lastKnownFileType = image.png; path = listOnGoingUp.png; sourceTree = "<group>"; };
		C343ED31181D218200307210 /* listReload.png */ = {isa = PBXFileReference; lastKnownFileType = image.png; path = listReload.png; sourceTree = "<group>"; };
		C343ED40181D436800307210 /* concernCallDown.png */ = {isa = PBXFileReference; lastKnownFileType = image.png; path = concernCallDown.png; sourceTree = "<group>"; };
		C343ED41181D436800307210 /* concernCallUp.png */ = {isa = PBXFileReference; lastKnownFileType = image.png; path = concernCallUp.png; sourceTree = "<group>"; };
		C343ED42181D436800307210 /* concernCloseDown.png */ = {isa = PBXFileReference; lastKnownFileType = image.png; path = concernCloseDown.png; sourceTree = "<group>"; };
		C343ED43181D436800307210 /* concernCloseUp.png */ = {isa = PBXFileReference; lastKnownFileType = image.png; path = concernCloseUp.png; sourceTree = "<group>"; };
		C343ED44181D436800307210 /* concernMessageDown.png */ = {isa = PBXFileReference; lastKnownFileType = image.png; path = concernMessageDown.png; sourceTree = "<group>"; };
		C343ED45181D436800307210 /* concernMessageUp.png */ = {isa = PBXFileReference; lastKnownFileType = image.png; path = concernMessageUp.png; sourceTree = "<group>"; };
		C343ED46181D436800307210 /* concernNext.png */ = {isa = PBXFileReference; lastKnownFileType = image.png; path = concernNext.png; sourceTree = "<group>"; };
		C343ED47181D436800307210 /* concernPrev.png */ = {isa = PBXFileReference; lastKnownFileType = image.png; path = concernPrev.png; sourceTree = "<group>"; };
		C343ED48181D436800307210 /* concernReleaseDown.png */ = {isa = PBXFileReference; lastKnownFileType = image.png; path = concernReleaseDown.png; sourceTree = "<group>"; };
		C343ED49181D436800307210 /* concernReleaseUp.png */ = {isa = PBXFileReference; lastKnownFileType = image.png; path = concernReleaseUp.png; sourceTree = "<group>"; };
		C343ED4A181D436800307210 /* concernTitle.png */ = {isa = PBXFileReference; lastKnownFileType = image.png; path = concernTitle.png; sourceTree = "<group>"; };
		C343ED4B181D436800307210 /* concernTitle1.png */ = {isa = PBXFileReference; lastKnownFileType = image.png; path = concernTitle1.png; sourceTree = "<group>"; };
		C343ED5B181D912D00307210 /* responseCancelDown.png */ = {isa = PBXFileReference; lastKnownFileType = image.png; path = responseCancelDown.png; sourceTree = "<group>"; };
		C343ED5C181D912D00307210 /* responseCancelUp.png */ = {isa = PBXFileReference; lastKnownFileType = image.png; path = responseCancelUp.png; sourceTree = "<group>"; };
		C343ED5D181D912D00307210 /* responsePrev.png */ = {isa = PBXFileReference; lastKnownFileType = image.png; path = responsePrev.png; sourceTree = "<group>"; };
		C343ED5E181D912D00307210 /* responseSubmitDown.png */ = {isa = PBXFileReference; lastKnownFileType = image.png; path = responseSubmitDown.png; sourceTree = "<group>"; };
		C343ED5F181D912D00307210 /* responseSubmitUp.png */ = {isa = PBXFileReference; lastKnownFileType = image.png; path = responseSubmitUp.png; sourceTree = "<group>"; };
		C343ED60181D912D00307210 /* responseTitle.png */ = {isa = PBXFileReference; lastKnownFileType = image.png; path = responseTitle.png; sourceTree = "<group>"; };
		C343ED61181D912D00307210 /* responseTitle1.png */ = {isa = PBXFileReference; lastKnownFileType = image.png; path = responseTitle1.png; sourceTree = "<group>"; };
		C343ED6A181E0CAA00307210 /* Default-568h@2x.png */ = {isa = PBXFileReference; lastKnownFileType = image.png; path = "Default-568h@2x.png"; sourceTree = "<group>"; };
		C343ED6B181E0CAA00307210 /* Default.png */ = {isa = PBXFileReference; lastKnownFileType = image.png; path = Default.png; sourceTree = "<group>"; };
		C343ED6C181E0CAA00307210 /* Default@2x.png */ = {isa = PBXFileReference; lastKnownFileType = image.png; path = "Default@2x.png"; sourceTree = "<group>"; };
		C35B0BFA178A61040055B3C1 /* ConcernInfoViewController.h */ = {isa = PBXFileReference; fileEncoding = 4; lastKnownFileType = sourcecode.c.h; path = ConcernInfoViewController.h; sourceTree = "<group>"; };
		C35B0BFB178A61040055B3C1 /* ConcernInfoViewController.m */ = {isa = PBXFileReference; fileEncoding = 4; lastKnownFileType = sourcecode.c.objc; path = ConcernInfoViewController.m; sourceTree = "<group>"; };
		C35B0C01178AB3DE0055B3C1 /* btnBack.png */ = {isa = PBXFileReference; lastKnownFileType = image.png; path = btnBack.png; sourceTree = "<group>"; };
		C35B0C02178AB3DE0055B3C1 /* writing.png */ = {isa = PBXFileReference; lastKnownFileType = image.png; path = writing.png; sourceTree = "<group>"; };
		C35B0C05178AB8F50055B3C1 /* actionDetailViewController.h */ = {isa = PBXFileReference; fileEncoding = 4; lastKnownFileType = sourcecode.c.h; path = actionDetailViewController.h; sourceTree = "<group>"; };
		C35B0C06178AB8F50055B3C1 /* actionDetailViewController.m */ = {isa = PBXFileReference; fileEncoding = 4; lastKnownFileType = sourcecode.c.objc; path = actionDetailViewController.m; sourceTree = "<group>"; };
		C35B0C0A178AEE4B0055B3C1 /* selectActionViewController.h */ = {isa = PBXFileReference; fileEncoding = 4; lastKnownFileType = sourcecode.c.h; path = selectActionViewController.h; sourceTree = "<group>"; };
		C35B0C0B178AEE4B0055B3C1 /* selectActionViewController.m */ = {isa = PBXFileReference; fileEncoding = 4; lastKnownFileType = sourcecode.c.objc; path = selectActionViewController.m; sourceTree = "<group>"; };
		C35B0C0F178AFF000055B3C1 /* chooseCalViewController.h */ = {isa = PBXFileReference; fileEncoding = 4; lastKnownFileType = sourcecode.c.h; path = chooseCalViewController.h; sourceTree = "<group>"; };
		C35B0C10178AFF000055B3C1 /* chooseCalViewController.m */ = {isa = PBXFileReference; fileEncoding = 4; lastKnownFileType = sourcecode.c.objc; path = chooseCalViewController.m; sourceTree = "<group>"; };
		C35B0C14178B53750055B3C1 /* rejectViewController.h */ = {isa = PBXFileReference; fileEncoding = 4; lastKnownFileType = sourcecode.c.h; path = rejectViewController.h; sourceTree = "<group>"; };
		C35B0C15178B53750055B3C1 /* rejectViewController.m */ = {isa = PBXFileReference; fileEncoding = 4; lastKnownFileType = sourcecode.c.objc; path = rejectViewController.m; sourceTree = "<group>"; };
		C35B0C19178BEE7C0055B3C1 /* calViewController.h */ = {isa = PBXFileReference; fileEncoding = 4; lastKnownFileType = sourcecode.c.h; path = calViewController.h; sourceTree = "<group>"; };
		C35B0C1A178BEE7C0055B3C1 /* calViewController.m */ = {isa = PBXFileReference; fileEncoding = 4; lastKnownFileType = sourcecode.c.objc; path = calViewController.m; sourceTree = "<group>"; };
		C35B0C1E178BEEA20055B3C1 /* messageViewController.h */ = {isa = PBXFileReference; fileEncoding = 4; lastKnownFileType = sourcecode.c.h; path = messageViewController.h; sourceTree = "<group>"; };
		C35B0C1F178BEEA20055B3C1 /* messageViewController.m */ = {isa = PBXFileReference; fileEncoding = 4; lastKnownFileType = sourcecode.c.objc; path = messageViewController.m; sourceTree = "<group>"; };
		C379825B176FA91E00E6D503 /* ticketGridViewController.h */ = {isa = PBXFileReference; fileEncoding = 4; lastKnownFileType = sourcecode.c.h; path = ticketGridViewController.h; sourceTree = "<group>"; };
		C379825C176FA91E00E6D503 /* ticketGridViewController.m */ = {isa = PBXFileReference; fileEncoding = 4; lastKnownFileType = sourcecode.c.objc; path = ticketGridViewController.m; sourceTree = "<group>"; };
		C38435E817809911006BFEED /* OCCalendarView.h */ = {isa = PBXFileReference; fileEncoding = 4; lastKnownFileType = sourcecode.c.h; path = OCCalendarView.h; sourceTree = "<group>"; };
		C38435E917809911006BFEED /* OCCalendarView.m */ = {isa = PBXFileReference; fileEncoding = 4; lastKnownFileType = sourcecode.c.objc; path = OCCalendarView.m; sourceTree = "<group>"; };
		C38435EA17809911006BFEED /* OCCalendarViewController.h */ = {isa = PBXFileReference; fileEncoding = 4; lastKnownFileType = sourcecode.c.h; path = OCCalendarViewController.h; sourceTree = "<group>"; };
		C38435EB17809911006BFEED /* OCCalendarViewController.m */ = {isa = PBXFileReference; fileEncoding = 4; lastKnownFileType = sourcecode.c.objc; path = OCCalendarViewController.m; sourceTree = "<group>"; };
		C38435EC17809911006BFEED /* OCDaysView.h */ = {isa = PBXFileReference; fileEncoding = 4; lastKnownFileType = sourcecode.c.h; path = OCDaysView.h; sourceTree = "<group>"; };
		C38435ED17809911006BFEED /* OCDaysView.m */ = {isa = PBXFileReference; fileEncoding = 4; lastKnownFileType = sourcecode.c.objc; path = OCDaysView.m; sourceTree = "<group>"; };
		C38435EE17809911006BFEED /* OCSelectionView.h */ = {isa = PBXFileReference; fileEncoding = 4; lastKnownFileType = sourcecode.c.h; path = OCSelectionView.h; sourceTree = "<group>"; };
		C38435EF17809911006BFEED /* OCSelectionView.m */ = {isa = PBXFileReference; fileEncoding = 4; lastKnownFileType = sourcecode.c.objc; path = OCSelectionView.m; sourceTree = "<group>"; };
		C38435F017809911006BFEED /* OCTypes.h */ = {isa = PBXFileReference; fileEncoding = 4; lastKnownFileType = sourcecode.c.h; path = OCTypes.h; sourceTree = "<group>"; };
		C38435F517809FA2006BFEED /* CoreGraphics.framework */ = {isa = PBXFileReference; lastKnownFileType = wrapper.framework; name = CoreGraphics.framework; path = System/Library/Frameworks/CoreGraphics.framework; sourceTree = SDKROOT; };
		C38BF54F17F181E9009DE12D /* icon_60@2x.png */ = {isa = PBXFileReference; lastKnownFileType = image.png; path = "icon_60@2x.png"; sourceTree = "<group>"; };
		C399C8221823030C00C87811 /* btnChooseCancel.png */ = {isa = PBXFileReference; lastKnownFileType = image.png; path = btnChooseCancel.png; sourceTree = "<group>"; };
		C399C8231823030C00C87811 /* pinChooseBack.png */ = {isa = PBXFileReference; lastKnownFileType = image.png; path = pinChooseBack.png; sourceTree = "<group>"; };
		C399C8241823030C00C87811 /* pinChooseBack1.png */ = {isa = PBXFileReference; lastKnownFileType = image.png; path = pinChooseBack1.png; sourceTree = "<group>"; };
		C399C8251823030C00C87811 /* pinChooseConfirm.png */ = {isa = PBXFileReference; lastKnownFileType = image.png; path = pinChooseConfirm.png; sourceTree = "<group>"; };
		C399C8261823030C00C87811 /* pinInputBack.png */ = {isa = PBXFileReference; lastKnownFileType = image.png; path = pinInputBack.png; sourceTree = "<group>"; };
		C399C8271823030C00C87811 /* pinInputBack1.png */ = {isa = PBXFileReference; lastKnownFileType = image.png; path = pinInputBack1.png; sourceTree = "<group>"; };
		C399C8281823030C00C87811 /* pinInputLogin.png */ = {isa = PBXFileReference; lastKnownFileType = image.png; path = pinInputLogin.png; sourceTree = "<group>"; };
		C399C8301823071200C87811 /* pinChooseCancel.png */ = {isa = PBXFileReference; lastKnownFileType = image.png; path = pinChooseCancel.png; sourceTree = "<group>"; };
		C399C8341823B45500C87811 /* pinLoading.png */ = {isa = PBXFileReference; lastKnownFileType = image.png; path = pinLoading.png; sourceTree = "<group>"; };
		C3AA5D5A17BE35320017E963 /* screen2_1.png */ = {isa = PBXFileReference; lastKnownFileType = image.png; path = screen2_1.png; sourceTree = "<group>"; };
		C3AE25F1177A25C800A0F366 /* MessageUI.framework */ = {isa = PBXFileReference; lastKnownFileType = wrapper.framework; name = MessageUI.framework; path = System/Library/Frameworks/MessageUI.framework; sourceTree = SDKROOT; };
		C3AE25F4177AE79E00A0F366 /* CoreTelephony.framework */ = {isa = PBXFileReference; lastKnownFileType = wrapper.framework; name = CoreTelephony.framework; path = System/Library/Frameworks/CoreTelephony.framework; sourceTree = SDKROOT; };
		C3B93C8A17A0D802005D0001 /* screen1.PNG */ = {isa = PBXFileReference; lastKnownFileType = image.png; path = screen1.PNG; sourceTree = "<group>"; };
		C3B93C8B17A0D802005D0001 /* screen2.PNG */ = {isa = PBXFileReference; lastKnownFileType = image.png; path = screen2.PNG; sourceTree = "<group>"; };
		C3B93C8C17A0D802005D0001 /* screen3.PNG */ = {isa = PBXFileReference; lastKnownFileType = image.png; path = screen3.PNG; sourceTree = "<group>"; };
		C3B93C8D17A0D802005D0001 /* screen4.PNG */ = {isa = PBXFileReference; lastKnownFileType = image.png; path = screen4.PNG; sourceTree = "<group>"; };
		C3B93C8E17A0D802005D0001 /* screen5.PNG */ = {isa = PBXFileReference; lastKnownFileType = image.png; path = screen5.PNG; sourceTree = "<group>"; };
		C3B93C9417A26F20005D0001 /* checked.jpg */ = {isa = PBXFileReference; lastKnownFileType = image.jpeg; path = checked.jpg; sourceTree = "<group>"; };
		C3B93C9517A26F20005D0001 /* unChecked.png */ = {isa = PBXFileReference; lastKnownFileType = image.png; path = unChecked.png; sourceTree = "<group>"; };
		C3B93C9817A2A00D005D0001 /* screen6.PNG */ = {isa = PBXFileReference; lastKnownFileType = image.png; path = screen6.PNG; sourceTree = "<group>"; };
		C3B93C9917A2A00D005D0001 /* screen7.PNG */ = {isa = PBXFileReference; lastKnownFileType = image.png; path = screen7.PNG; sourceTree = "<group>"; };
		C3B93C9A17A2A00D005D0001 /* screen8.PNG */ = {isa = PBXFileReference; lastKnownFileType = image.png; path = screen8.PNG; sourceTree = "<group>"; };
		C3B93C9B17A2A00D005D0001 /* screen9.PNG */ = {isa = PBXFileReference; lastKnownFileType = image.png; path = screen9.PNG; sourceTree = "<group>"; };
		C3B93C9C17A2A00D005D0001 /* screen10.PNG */ = {isa = PBXFileReference; lastKnownFileType = image.png; path = screen10.PNG; sourceTree = "<group>"; };
		C3BD64EB1783246900415858 /* Helveticaaa.otf */ = {isa = PBXFileReference; lastKnownFileType = file; path = Helveticaaa.otf; sourceTree = "<group>"; };
		C3BD64F717836A6B00415858 /* refresh.png */ = {isa = PBXFileReference; lastKnownFileType = image.png; path = refresh.png; sourceTree = "<group>"; };
		C3BD64F817836A6B00415858 /* setting.png */ = {isa = PBXFileReference; lastKnownFileType = image.png; path = setting.png; sourceTree = "<group>"; };
		C3CBB1B018336C3A0098F629 /* ActionScreenBack.png */ = {isa = PBXFileReference; lastKnownFileType = image.png; path = ActionScreenBack.png; sourceTree = "<group>"; };
		C3CBB1B118336C3A0098F629 /* ActionScreenReload.png */ = {isa = PBXFileReference; lastKnownFileType = image.png; path = ActionScreenReload.png; sourceTree = "<group>"; };
		C3CBB1B9183377360098F629 /* Call ScreenBackT.png */ = {isa = PBXFileReference; lastKnownFileType = image.png; path = "Call ScreenBackT.png"; sourceTree = "<group>"; };
		C3CBB1BA183377360098F629 /* CallScreenBack.png */ = {isa = PBXFileReference; lastKnownFileType = image.png; path = CallScreenBack.png; sourceTree = "<group>"; };
		C3CBB1BB183377360098F629 /* CallScreenCallBack.png */ = {isa = PBXFileReference; lastKnownFileType = image.png; path = CallScreenCallBack.png; sourceTree = "<group>"; };
		C3CBB1BC183377360098F629 /* CallScreenClose.png */ = {isa = PBXFileReference; lastKnownFileType = image.png; path = CallScreenClose.png; sourceTree = "<group>"; };
		C3CBB1BD183377360098F629 /* CallScreenMessage.png */ = {isa = PBXFileReference; lastKnownFileType = image.png; path = CallScreenMessage.png; sourceTree = "<group>"; };
		C3CBB1BE183377360098F629 /* CallScreenRelease.png */ = {isa = PBXFileReference; lastKnownFileType = image.png; path = CallScreenRelease.png; sourceTree = "<group>"; };
		C3CBB1BF183377360098F629 /* CallScreenTitle.png */ = {isa = PBXFileReference; lastKnownFileType = image.png; path = CallScreenTitle.png; sourceTree = "<group>"; };
		C3CBB1C0183377360098F629 /* CallScreenTitle1.png */ = {isa = PBXFileReference; lastKnownFileType = image.png; path = CallScreenTitle1.png; sourceTree = "<group>"; };
		C3CC464717CFE16B008A8514 /* screenLoading.png */ = {isa = PBXFileReference; lastKnownFileType = image.png; path = screenLoading.png; sourceTree = "<group>"; };
		C3D475441776127F009A45E4 /* MyParserViewController.h */ = {isa = PBXFileReference; fileEncoding = 4; lastKnownFileType = sourcecode.c.h; path = MyParserViewController.h; sourceTree = "<group>"; };
		C3D475451776127F009A45E4 /* MyParserViewController.m */ = {isa = PBXFileReference; fileEncoding = 4; lastKnownFileType = sourcecode.c.objc; path = MyParserViewController.m; sourceTree = "<group>"; };
		C3D475471776F9DB009A45E4 /* FileIO.h */ = {isa = PBXFileReference; fileEncoding = 4; lastKnownFileType = sourcecode.c.h; path = FileIO.h; sourceTree = "<group>"; };
		C3D475481776F9DB009A45E4 /* FileIO.m */ = {isa = PBXFileReference; fileEncoding = 4; lastKnownFileType = sourcecode.c.objc; path = FileIO.m; sourceTree = "<group>"; };
		C3F4D8FC17712DF70066743A /* pinInputViewController.h */ = {isa = PBXFileReference; fileEncoding = 4; lastKnownFileType = sourcecode.c.h; path = pinInputViewController.h; sourceTree = "<group>"; };
		C3F4D8FD17712DF70066743A /* pinInputViewController.m */ = {isa = PBXFileReference; fileEncoding = 4; lastKnownFileType = sourcecode.c.objc; path = pinInputViewController.m; sourceTree = "<group>"; };
		F1519DD21C4CEB6B00BC3CD2 /* LocalAuthentication.framework */ = {isa = PBXFileReference; lastKnownFileType = wrapper.framework; name = LocalAuthentication.framework; path = System/Library/Frameworks/LocalAuthentication.framework; sourceTree = SDKROOT; };
/* End PBXFileReference section */

/* Begin PBXFrameworksBuildPhase section */
		1D60588F0D05DD3D006BFB54 /* Frameworks */ = {
			isa = PBXFrameworksBuildPhase;
			buildActionMask = 2147483647;
			files = (
				F1519DD31C4CEB6B00BC3CD2 /* LocalAuthentication.framework in Frameworks */,
				C38435F617809FA2006BFEED /* CoreGraphics.framework in Frameworks */,
				C3AE25F5177AE79E00A0F366 /* CoreTelephony.framework in Frameworks */,
				C3AE25F2177A25C800A0F366 /* MessageUI.framework in Frameworks */,
				1D60589F0D05DD5A006BFB54 /* Foundation.framework in Frameworks */,
				1DF5F4E00D08C38300B7A737 /* UIKit.framework in Frameworks */,
			);
			runOnlyForDeploymentPostprocessing = 0;
		};
/* End PBXFrameworksBuildPhase section */

/* Begin PBXGroup section */
		080E96DDFE201D6D7F000001 /* Classes */ = {
			isa = PBXGroup;
			children = (
				C38435E717809911006BFEED /* OCCalendarView */,
				C3D475471776F9DB009A45E4 /* FileIO.h */,
				C3D475481776F9DB009A45E4 /* FileIO.m */,
				C3229E0F1770F1EE003E9C41 /* UIGridView */,
				6BEBB499190AE0F5005E51F0 /* TicketDetailViewController.h */,
				6BEBB49A190AE0F5005E51F0 /* TicketDetailViewController.m */,
				1D3623240D0F684500981E51 /* Hello_SOAPAppDelegate.h */,
				1D3623250D0F684500981E51 /* Hello_SOAPAppDelegate.m */,
				28D7ACF60DDB3853001CB0EB /* Hello_SOAPViewController.h */,
				28D7ACF70DDB3853001CB0EB /* Hello_SOAPViewController.m */,
				C379825B176FA91E00E6D503 /* ticketGridViewController.h */,
				C379825C176FA91E00E6D503 /* ticketGridViewController.m */,
				C3229E1A1770F21C003E9C41 /* Cell.h */,
				C3229E1B1770F21C003E9C41 /* Cell.m */,
				C3229E2717710D42003E9C41 /* Screen4GridViewController.h */,
				C3229E2817710D42003E9C41 /* Screen4GridViewController.m */,
				C3229E2217710135003E9C41 /* Screen3GridViewController.h */,
				C3229E2317710135003E9C41 /* Screen3GridViewController.m */,
				C3F4D8FC17712DF70066743A /* pinInputViewController.h */,
				C3F4D8FD17712DF70066743A /* pinInputViewController.m */,
				C3D475441776127F009A45E4 /* MyParserViewController.h */,
				C3D475451776127F009A45E4 /* MyParserViewController.m */,
				C35B0BFA178A61040055B3C1 /* ConcernInfoViewController.h */,
				C35B0BFB178A61040055B3C1 /* ConcernInfoViewController.m */,
				C35B0C05178AB8F50055B3C1 /* actionDetailViewController.h */,
				C35B0C06178AB8F50055B3C1 /* actionDetailViewController.m */,
				C35B0C0A178AEE4B0055B3C1 /* selectActionViewController.h */,
				C35B0C0B178AEE4B0055B3C1 /* selectActionViewController.m */,
				C35B0C0F178AFF000055B3C1 /* chooseCalViewController.h */,
				C35B0C10178AFF000055B3C1 /* chooseCalViewController.m */,
				C35B0C14178B53750055B3C1 /* rejectViewController.h */,
				C35B0C15178B53750055B3C1 /* rejectViewController.m */,
				C35B0C19178BEE7C0055B3C1 /* calViewController.h */,
				C35B0C1A178BEE7C0055B3C1 /* calViewController.m */,
				C35B0C1E178BEEA20055B3C1 /* messageViewController.h */,
				C35B0C1F178BEEA20055B3C1 /* messageViewController.m */,
			);
			path = Classes;
			sourceTree = "<group>";
		};
		19C28FACFE9D520D11CA2CBB /* Products */ = {
			isa = PBXGroup;
			children = (
				1D6058910D05DD3D006BFB54 /* ApoyarA1 Complaints V2.1.app */,
			);
			name = Products;
			sourceTree = "<group>";
		};
		29B97314FDCFA39411CA2CEA /* CustomTemplate */ = {
			isa = PBXGroup;
			children = (
				C38BF54F17F181E9009DE12D /* icon_60@2x.png */,
				C329CA6617A9B26400902C86 /* AppLogo114.png */,
				C329CA6417A9B25D00902C86 /* appLogo57.png */,
				6BBAF536190B02490080437D /* Model */,
				6BEBB494190ADA42005E51F0 /* ThirdParty */,
				C379826C17708C4F00E6D503 /* Resource */,
				080E96DDFE201D6D7F000001 /* Classes */,
				29B97315FDCFA39411CA2CEA /* Other Sources */,
				29B97317FDCFA39411CA2CEA /* Resources */,
				29B97323FDCFA39411CA2CEA /* Frameworks */,
				19C28FACFE9D520D11CA2CBB /* Products */,
			);
			name = CustomTemplate;
			sourceTree = "<group>";
		};
		29B97315FDCFA39411CA2CEA /* Other Sources */ = {
			isa = PBXGroup;
			children = (
				32CA4F630368D1EE00C91783 /* ApoyarA1 Complaints V2.1_Prefix.pch */,
				29B97316FDCFA39411CA2CEA /* main.m */,
			);
			name = "Other Sources";
			sourceTree = "<group>";
		};
		29B97317FDCFA39411CA2CEA /* Resources */ = {
			isa = PBXGroup;
			children = (
				7D2283CA1A1268470063F087 /* Main.storyboard */,
				28AD733E0D9D9553002E5188 /* MainWindow.xib */,
				8D1107310486CEB800E47090 /* Info.plist */,
			);
			name = Resources;
			sourceTree = "<group>";
		};
		29B97323FDCFA39411CA2CEA /* Frameworks */ = {
			isa = PBXGroup;
			children = (
				F1519DD21C4CEB6B00BC3CD2 /* LocalAuthentication.framework */,
				C38435F517809FA2006BFEED /* CoreGraphics.framework */,
				C3AE25F4177AE79E00A0F366 /* CoreTelephony.framework */,
				C3AE25F1177A25C800A0F366 /* MessageUI.framework */,
				1DF5F4DF0D08C38300B7A737 /* UIKit.framework */,
				1D30AB110D05D00D00671497 /* Foundation.framework */,
			);
			name = Frameworks;
			sourceTree = "<group>";
		};
		6B8B9B90196AAAE600DBF7F5 /* MNMBottomPullToRefresh */ = {
			isa = PBXGroup;
			children = (
				6B8B9B91196AAAE600DBF7F5 /* MNMBottomPullToRefresh.strings */,
				6B8B9B92196AAAE600DBF7F5 /* MNMBottomPullToRefreshArrow.png */,
				6B8B9B93196AAAE600DBF7F5 /* MNMBottomPullToRefreshArrow@2x.png */,
				6B8B9B94196AAAE600DBF7F5 /* MNMBottomPullToRefreshManager.h */,
				6B8B9B95196AAAE600DBF7F5 /* MNMBottomPullToRefreshManager.m */,
				6B8B9B96196AAAE600DBF7F5 /* MNMBottomPullToRefreshView.h */,
				6B8B9B97196AAAE600DBF7F5 /* MNMBottomPullToRefreshView.m */,
			);
			path = MNMBottomPullToRefresh;
			sourceTree = "<group>";
		};
		6BBAF536190B02490080437D /* Model */ = {
			isa = PBXGroup;
			children = (
				6BBAF537190B02680080437D /* NSString+stripHtml.h */,
				6BBAF538190B02680080437D /* NSString+stripHtml.m */,
			);
			name = Model;
			sourceTree = "<group>";
		};
		6BEBB494190ADA42005E51F0 /* ThirdParty */ = {
			isa = PBXGroup;
			children = (
				6B8B9B90196AAAE600DBF7F5 /* MNMBottomPullToRefresh */,
				6BEBB495190ADA42005E51F0 /* MBProgressHud */,
			);
			path = ThirdParty;
			sourceTree = "<group>";
		};
		6BEBB495190ADA42005E51F0 /* MBProgressHud */ = {
			isa = PBXGroup;
			children = (
				6BEBB496190ADA42005E51F0 /* MBProgressHUD.h */,
				6BEBB497190ADA42005E51F0 /* MBProgressHUD.m */,
			);
			path = MBProgressHud;
			sourceTree = "<group>";
		};
		C3229E0F1770F1EE003E9C41 /* UIGridView */ = {
			isa = PBXGroup;
			children = (
				C3229E101770F1EE003E9C41 /* UIGridView.h */,
				C3229E111770F1EE003E9C41 /* UIGridView.m */,
				C3229E121770F1EE003E9C41 /* UIGridViewCell.h */,
				C3229E131770F1EE003E9C41 /* UIGridViewCell.m */,
				C3229E141770F1EE003E9C41 /* UIGridViewDelegate.h */,
				C3229E151770F1EE003E9C41 /* UIGridViewRow.h */,
				C3229E161770F1EE003E9C41 /* UIGridViewRow.m */,
			);
			path = UIGridView;
			sourceTree = "<group>";
		};
		C33B5DE51837D22000A8F541 /* icons */ = {
			isa = PBXGroup;
			children = (
				C33B5DE61837D22000A8F541 /* A1complaints - 114x114.png */,
				C33B5DE71837D22000A8F541 /* A1complaints - 120x120.png */,
				C33B5DE81837D22000A8F541 /* A1complaints - 57x57.png */,
			);
			path = icons;
			sourceTree = "<group>";
		};
		C343ED1D181D025600307210 /* homeScreen */ = {
			isa = PBXGroup;
			children = (
				C343ED1E181D025600307210 /* homeBack.png */,
				C343ED1F181D025600307210 /* homeBack1.png */,
				C343ED20181D025600307210 /* homeCheck.png */,
				C343ED21181D025600307210 /* homeLogin.png */,
			);
			path = homeScreen;
			sourceTree = "<group>";
		};
		C343ED26181D218200307210 /* listScreen */ = {
			isa = PBXGroup;
			children = (
				C343ED27181D218200307210 /* listBottomBar.png */,
				C343ED28181D218200307210 /* listClosedDown.png */,
				C343ED29181D218200307210 /* listClosedUp.png */,
				C343ED2A181D218200307210 /* listLogout.png */,
				C343ED2B181D218200307210 /* listMenu.png */,
				C343ED2C181D218200307210 /* listMenu1.png */,
				C343ED2D181D218200307210 /* listNewDown.png */,
				C343ED2E181D218200307210 /* listNewUp.png */,
				C343ED2F181D218200307210 /* listOnGoingDown.png */,
				C343ED30181D218200307210 /* listOnGoingUp.png */,
				6BE89055188A8C9C00728414 /* listTableTitle.png */,
				C343ED31181D218200307210 /* listReload.png */,
			);
			path = listScreen;
			sourceTree = "<group>";
		};
		C343ED3F181D436800307210 /* ConcernInfoScreen */ = {
			isa = PBXGroup;
			children = (
				C343ED40181D436800307210 /* concernCallDown.png */,
				C343ED41181D436800307210 /* concernCallUp.png */,
				C343ED42181D436800307210 /* concernCloseDown.png */,
				C343ED43181D436800307210 /* concernCloseUp.png */,
				C343ED44181D436800307210 /* concernMessageDown.png */,
				C343ED45181D436800307210 /* concernMessageUp.png */,
				C343ED46181D436800307210 /* concernNext.png */,
				C343ED47181D436800307210 /* concernPrev.png */,
				C343ED48181D436800307210 /* concernReleaseDown.png */,
				C343ED49181D436800307210 /* concernReleaseUp.png */,
				C343ED4A181D436800307210 /* concernTitle.png */,
				C343ED4B181D436800307210 /* concernTitle1.png */,
			);
			path = ConcernInfoScreen;
			sourceTree = "<group>";
		};
		C343ED5A181D912D00307210 /* responseScreen */ = {
			isa = PBXGroup;
			children = (
				C343ED5B181D912D00307210 /* responseCancelDown.png */,
				C343ED5C181D912D00307210 /* responseCancelUp.png */,
				C343ED5D181D912D00307210 /* responsePrev.png */,
				C343ED5E181D912D00307210 /* responseSubmitDown.png */,
				C343ED5F181D912D00307210 /* responseSubmitUp.png */,
				C343ED60181D912D00307210 /* responseTitle.png */,
				C343ED61181D912D00307210 /* responseTitle1.png */,
			);
			path = responseScreen;
			sourceTree = "<group>";
		};
		C343ED69181E0CAA00307210 /* LoadingScreen */ = {
			isa = PBXGroup;
			children = (
				C343ED6A181E0CAA00307210 /* Default-568h@2x.png */,
				C343ED6B181E0CAA00307210 /* Default.png */,
				C343ED6C181E0CAA00307210 /* Default@2x.png */,
			);
			path = LoadingScreen;
			sourceTree = "<group>";
		};
		C379826C17708C4F00E6D503 /* Resource */ = {
			isa = PBXGroup;
			children = (
				6BBAF534190AFFBF0080437D /* title.png */,
				C33B5DE51837D22000A8F541 /* icons */,
				C3CBB1B8183377360098F629 /* CallScreen */,
				C3CBB1AF18336C3A0098F629 /* ActionScreen */,
				C399C8211823030C00C87811 /* pinScreen */,
				C343ED69181E0CAA00307210 /* LoadingScreen */,
				C343ED5A181D912D00307210 /* responseScreen */,
				C343ED3F181D436800307210 /* ConcernInfoScreen */,
				C343ED26181D218200307210 /* listScreen */,
				C343ED1D181D025600307210 /* homeScreen */,
				C3CC464717CFE16B008A8514 /* screenLoading.png */,
				C3AA5D5A17BE35320017E963 /* screen2_1.png */,
				C3B93C9817A2A00D005D0001 /* screen6.PNG */,
				C3B93C9917A2A00D005D0001 /* screen7.PNG */,
				C3B93C9A17A2A00D005D0001 /* screen8.PNG */,
				C3B93C9B17A2A00D005D0001 /* screen9.PNG */,
				C3B93C9C17A2A00D005D0001 /* screen10.PNG */,
				C3B93C9417A26F20005D0001 /* checked.jpg */,
				C3B93C9517A26F20005D0001 /* unChecked.png */,
				C3B93C8A17A0D802005D0001 /* screen1.PNG */,
				C3B93C8B17A0D802005D0001 /* screen2.PNG */,
				C3B93C8C17A0D802005D0001 /* screen3.PNG */,
				C3B93C8D17A0D802005D0001 /* screen4.PNG */,
				C3B93C8E17A0D802005D0001 /* screen5.PNG */,
				C3BD64F117836A6B00415858 /* temp */,
				C3BD64EA1783246900415858 /* font */,
			);
			path = Resource;
			sourceTree = "<group>";
		};
		C38435E717809911006BFEED /* OCCalendarView */ = {
			isa = PBXGroup;
			children = (
				C38435E817809911006BFEED /* OCCalendarView.h */,
				C38435E917809911006BFEED /* OCCalendarView.m */,
				C38435EA17809911006BFEED /* OCCalendarViewController.h */,
				C38435EB17809911006BFEED /* OCCalendarViewController.m */,
				C38435EC17809911006BFEED /* OCDaysView.h */,
				C38435ED17809911006BFEED /* OCDaysView.m */,
				C38435EE17809911006BFEED /* OCSelectionView.h */,
				C38435EF17809911006BFEED /* OCSelectionView.m */,
				C38435F017809911006BFEED /* OCTypes.h */,
			);
			path = OCCalendarView;
			sourceTree = "<group>";
		};
		C399C8211823030C00C87811 /* pinScreen */ = {
			isa = PBXGroup;
			children = (
				C399C8341823B45500C87811 /* pinLoading.png */,
				C399C8301823071200C87811 /* pinChooseCancel.png */,
				C399C8221823030C00C87811 /* btnChooseCancel.png */,
				C399C8231823030C00C87811 /* pinChooseBack.png */,
				C399C8241823030C00C87811 /* pinChooseBack1.png */,
				C399C8251823030C00C87811 /* pinChooseConfirm.png */,
				C399C8261823030C00C87811 /* pinInputBack.png */,
				C399C8271823030C00C87811 /* pinInputBack1.png */,
				C399C8281823030C00C87811 /* pinInputLogin.png */,
			);
			path = pinScreen;
			sourceTree = "<group>";
		};
		C3BD64EA1783246900415858 /* font */ = {
			isa = PBXGroup;
			children = (
				C3BD64EB1783246900415858 /* Helveticaaa.otf */,
			);
			path = font;
			sourceTree = "<group>";
		};
		C3BD64F117836A6B00415858 /* temp */ = {
			isa = PBXGroup;
			children = (
				C35B0C01178AB3DE0055B3C1 /* btnBack.png */,
				C35B0C02178AB3DE0055B3C1 /* writing.png */,
				C3BD64F717836A6B00415858 /* refresh.png */,
				C3BD64F817836A6B00415858 /* setting.png */,
			);
			path = temp;
			sourceTree = "<group>";
		};
		C3CBB1AF18336C3A0098F629 /* ActionScreen */ = {
			isa = PBXGroup;
			children = (
				C3CBB1B018336C3A0098F629 /* ActionScreenBack.png */,
				C3CBB1B118336C3A0098F629 /* ActionScreenReload.png */,
				A583ED67188946C9006B9733 /* ActionScreenTitle1.png */,
				A583ED68188946C9006B9733 /* ActionScreenTitle.png */,
			);
			path = ActionScreen;
			sourceTree = "<group>";
		};
		C3CBB1B8183377360098F629 /* CallScreen */ = {
			isa = PBXGroup;
			children = (
				C3CBB1B9183377360098F629 /* Call ScreenBackT.png */,
				C3CBB1BA183377360098F629 /* CallScreenBack.png */,
				C3CBB1BB183377360098F629 /* CallScreenCallBack.png */,
				C3CBB1BC183377360098F629 /* CallScreenClose.png */,
				C3CBB1BD183377360098F629 /* CallScreenMessage.png */,
				C3CBB1BE183377360098F629 /* CallScreenRelease.png */,
				C3CBB1BF183377360098F629 /* CallScreenTitle.png */,
				C3CBB1C0183377360098F629 /* CallScreenTitle1.png */,
			);
			path = CallScreen;
			sourceTree = "<group>";
		};
/* End PBXGroup section */

/* Begin PBXNativeTarget section */
		1D6058900D05DD3D006BFB54 /* ApoyarA1 Complaints V2.1 */ = {
			isa = PBXNativeTarget;
			buildConfigurationList = 1D6058960D05DD3E006BFB54 /* Build configuration list for PBXNativeTarget "ApoyarA1 Complaints V2.1" */;
			buildPhases = (
				1D60588D0D05DD3D006BFB54 /* Resources */,
				1D60588E0D05DD3D006BFB54 /* Sources */,
				1D60588F0D05DD3D006BFB54 /* Frameworks */,
			);
			buildRules = (
				6DB95B3E189F4CA700C259C9 /* PBXBuildRule */,
			);
			dependencies = (
			);
			name = "ApoyarA1 Complaints V2.1";
			productName = Hello_SOAP;
			productReference = 1D6058910D05DD3D006BFB54 /* ApoyarA1 Complaints V2.1.app */;
			productType = "com.apple.product-type.application";
		};
/* End PBXNativeTarget section */

/* Begin PBXProject section */
		29B97313FDCFA39411CA2CEA /* Project object */ = {
			isa = PBXProject;
			attributes = {
				LastUpgradeCheck = 0500;
				TargetAttributes = {
					1D6058900D05DD3D006BFB54 = {
						DevelopmentTeam = F94BZXMVRX;
					};
				};
			};
			buildConfigurationList = C01FCF4E08A954540054247B /* Build configuration list for PBXProject "ApoyarA1 Complaints V2.1" */;
			compatibilityVersion = "Xcode 3.2";
			developmentRegion = English;
			hasScannedForEncodings = 1;
			knownRegions = (
				en,
			);
			mainGroup = 29B97314FDCFA39411CA2CEA /* CustomTemplate */;
			projectDirPath = "";
			projectRoot = "";
			targets = (
				1D6058900D05DD3D006BFB54 /* ApoyarA1 Complaints V2.1 */,
			);
		};
/* End PBXProject section */

/* Begin PBXResourcesBuildPhase section */
		1D60588D0D05DD3D006BFB54 /* Resources */ = {
			isa = PBXResourcesBuildPhase;
			buildActionMask = 2147483647;
			files = (
				C343ED25181D025600307210 /* homeLogin.png in Resources */,
				C343ED3A181D218200307210 /* listNewUp.png in Resources */,
				C343ED24181D025600307210 /* homeCheck.png in Resources */,
				C343ED33181D218200307210 /* listBottomBar.png in Resources */,
				28AD733F0D9D9553002E5188 /* MainWindow.xib in Resources */,
				C343ED4D181D436800307210 /* concernCallUp.png in Resources */,
				C3CBB1C7183377360098F629 /* CallScreenTitle.png in Resources */,
				C343ED68181D912D00307210 /* responseTitle1.png in Resources */,
				A583ED69188946C9006B9733 /* ActionScreenTitle1.png in Resources */,
				C3CBB1C2183377360098F629 /* CallScreenBack.png in Resources */,
				C3CBB1C3183377360098F629 /* CallScreenCallBack.png in Resources */,
				6B8B9B98196AAAE600DBF7F5 /* MNMBottomPullToRefresh.strings in Resources */,
				C399C82B1823030C00C87811 /* pinChooseBack1.png in Resources */,
				C343ED4E181D436800307210 /* concernCloseDown.png in Resources */,
				C3CBB1C8183377360098F629 /* CallScreenTitle1.png in Resources */,
				C3CBB1C5183377360098F629 /* CallScreenMessage.png in Resources */,
				C343ED3C181D218200307210 /* listOnGoingUp.png in Resources */,
				C3BD64EC1783246900415858 /* Helveticaaa.otf in Resources */,
				C343ED4C181D436800307210 /* concernCallDown.png in Resources */,
				C3BD650017836A6B00415858 /* refresh.png in Resources */,
				C399C8351823B45500C87811 /* pinLoading.png in Resources */,
				C343ED62181D912D00307210 /* responseCancelDown.png in Resources */,
				C3BD650117836A6B00415858 /* setting.png in Resources */,
				C343ED67181D912D00307210 /* responseTitle.png in Resources */,
				C343ED53181D436800307210 /* concernPrev.png in Resources */,
				C35B0C03178AB3DE0055B3C1 /* btnBack.png in Resources */,
				C343ED56181D436800307210 /* concernTitle.png in Resources */,
				C35B0C04178AB3DE0055B3C1 /* writing.png in Resources */,
				C343ED50181D436800307210 /* concernMessageDown.png in Resources */,
				C343ED38181D218200307210 /* listMenu1.png in Resources */,
				C343ED51181D436800307210 /* concernMessageUp.png in Resources */,
				6BE89056188A8C9C00728414 /* listTableTitle.png in Resources */,
				C3CBB1C1183377360098F629 /* Call ScreenBackT.png in Resources */,
				C399C82D1823030C00C87811 /* pinInputBack.png in Resources */,
				C399C82A1823030C00C87811 /* pinChooseBack.png in Resources */,
				C33B5DEB1837D22000A8F541 /* A1complaints - 57x57.png in Resources */,
				C343ED6D181E0CAA00307210 /* Default-568h@2x.png in Resources */,
				C343ED34181D218200307210 /* listClosedDown.png in Resources */,
				C343ED6E181E0CAA00307210 /* Default.png in Resources */,
				C3CBB1B518336C3A0098F629 /* ActionScreenReload.png in Resources */,
				C3CBB1B418336C3A0098F629 /* ActionScreenBack.png in Resources */,
				C3B93C8F17A0D802005D0001 /* screen1.PNG in Resources */,
				C343ED66181D912D00307210 /* responseSubmitUp.png in Resources */,
				C343ED37181D218200307210 /* listMenu.png in Resources */,
				C3B93C9017A0D802005D0001 /* screen2.PNG in Resources */,
				C399C82E1823030C00C87811 /* pinInputBack1.png in Resources */,
				7D2283CB1A1268470063F087 /* Main.storyboard in Resources */,
				C3B93C9117A0D802005D0001 /* screen3.PNG in Resources */,
				C343ED3D181D218200307210 /* listReload.png in Resources */,
				C399C8291823030C00C87811 /* btnChooseCancel.png in Resources */,
				C3B93C9217A0D802005D0001 /* screen4.PNG in Resources */,
				C343ED3B181D218200307210 /* listOnGoingDown.png in Resources */,
				C33B5DEA1837D22000A8F541 /* A1complaints - 120x120.png in Resources */,
				C3B93C9317A0D802005D0001 /* screen5.PNG in Resources */,
				C399C82F1823030C00C87811 /* pinInputLogin.png in Resources */,
				C3B93C9617A26F20005D0001 /* checked.jpg in Resources */,
				C343ED63181D912D00307210 /* responseCancelUp.png in Resources */,
				C343ED57181D436800307210 /* concernTitle1.png in Resources */,
				C343ED36181D218200307210 /* listLogout.png in Resources */,
				A583ED6A188946C9006B9733 /* ActionScreenTitle.png in Resources */,
				C3CBB1C4183377360098F629 /* CallScreenClose.png in Resources */,
				C343ED64181D912D00307210 /* responsePrev.png in Resources */,
				6BBAF535190AFFBF0080437D /* title.png in Resources */,
				C343ED54181D436800307210 /* concernReleaseDown.png in Resources */,
				C343ED23181D025600307210 /* homeBack1.png in Resources */,
				C3B93C9717A26F20005D0001 /* unChecked.png in Resources */,
				6B8B9B99196AAAE600DBF7F5 /* MNMBottomPullToRefreshArrow.png in Resources */,
				C33B5DE91837D22000A8F541 /* A1complaints - 114x114.png in Resources */,
				C343ED6F181E0CAA00307210 /* Default@2x.png in Resources */,
				C343ED52181D436800307210 /* concernNext.png in Resources */,
				C343ED22181D025600307210 /* homeBack.png in Resources */,
				C343ED39181D218200307210 /* listNewDown.png in Resources */,
				6B8B9B9A196AAAE600DBF7F5 /* MNMBottomPullToRefreshArrow@2x.png in Resources */,
				C3B93C9D17A2A00D005D0001 /* screen6.PNG in Resources */,
				C3B93C9E17A2A00D005D0001 /* screen7.PNG in Resources */,
				C343ED55181D436800307210 /* concernReleaseUp.png in Resources */,
				C3B93C9F17A2A00D005D0001 /* screen8.PNG in Resources */,
				C3B93CA017A2A00D005D0001 /* screen9.PNG in Resources */,
				C3B93CA117A2A00D005D0001 /* screen10.PNG in Resources */,
				C343ED65181D912D00307210 /* responseSubmitDown.png in Resources */,
				C329CA6517A9B25D00902C86 /* appLogo57.png in Resources */,
				C329CA6717A9B26400902C86 /* AppLogo114.png in Resources */,
				C3AA5D5B17BE35330017E963 /* screen2_1.png in Resources */,
				C399C8311823071200C87811 /* pinChooseCancel.png in Resources */,
				C3CC464817CFE16C008A8514 /* screenLoading.png in Resources */,
				C343ED35181D218200307210 /* listClosedUp.png in Resources */,
				C343ED4F181D436800307210 /* concernCloseUp.png in Resources */,
				C3CBB1C6183377360098F629 /* CallScreenRelease.png in Resources */,
				C38BF55017F181E9009DE12D /* icon_60@2x.png in Resources */,
				C399C82C1823030C00C87811 /* pinChooseConfirm.png in Resources */,
			);
			runOnlyForDeploymentPostprocessing = 0;
		};
/* End PBXResourcesBuildPhase section */

/* Begin PBXSourcesBuildPhase section */
		1D60588E0D05DD3D006BFB54 /* Sources */ = {
			isa = PBXSourcesBuildPhase;
			buildActionMask = 2147483647;
			files = (
				1D60589B0D05DD56006BFB54 /* main.m in Sources */,
				1D3623260D0F684500981E51 /* Hello_SOAPAppDelegate.m in Sources */,
				28D7ACF80DDB3853001CB0EB /* Hello_SOAPViewController.m in Sources */,
				C379825E176FA91E00E6D503 /* ticketGridViewController.m in Sources */,
				C3229E171770F1EE003E9C41 /* UIGridView.m in Sources */,
				6B8B9B9B196AAAE600DBF7F5 /* MNMBottomPullToRefreshManager.m in Sources */,
				6BBAF539190B02680080437D /* NSString+stripHtml.m in Sources */,
				C3229E181770F1EE003E9C41 /* UIGridViewCell.m in Sources */,
				C3229E191770F1EE003E9C41 /* UIGridViewRow.m in Sources */,
				C3229E1C1770F21C003E9C41 /* Cell.m in Sources */,
				C3229E2517710135003E9C41 /* Screen3GridViewController.m in Sources */,
				6B8B9B9C196AAAE600DBF7F5 /* MNMBottomPullToRefreshView.m in Sources */,
				C3229E2A17710D42003E9C41 /* Screen4GridViewController.m in Sources */,
				C3F4D8FF17712DF70066743A /* pinInputViewController.m in Sources */,
				6BEBB49C190AE0F5005E51F0 /* TicketDetailViewController.m in Sources */,
				C3D475461776127F009A45E4 /* MyParserViewController.m in Sources */,
				C3D475491776F9DB009A45E4 /* FileIO.m in Sources */,
				C38435F117809911006BFEED /* OCCalendarView.m in Sources */,
				C38435F217809911006BFEED /* OCCalendarViewController.m in Sources */,
				C38435F317809911006BFEED /* OCDaysView.m in Sources */,
				C38435F417809911006BFEED /* OCSelectionView.m in Sources */,
				6BEBB498190ADA42005E51F0 /* MBProgressHUD.m in Sources */,
				C35B0BFD178A61050055B3C1 /* ConcernInfoViewController.m in Sources */,
				C35B0C08178AB8F50055B3C1 /* actionDetailViewController.m in Sources */,
				C35B0C0D178AEE4B0055B3C1 /* selectActionViewController.m in Sources */,
				C35B0C12178AFF010055B3C1 /* chooseCalViewController.m in Sources */,
				C35B0C17178B53760055B3C1 /* rejectViewController.m in Sources */,
				C35B0C1C178BEE7D0055B3C1 /* calViewController.m in Sources */,
				C35B0C21178BEEA30055B3C1 /* messageViewController.m in Sources */,
			);
			runOnlyForDeploymentPostprocessing = 0;
		};
/* End PBXSourcesBuildPhase section */

/* Begin XCBuildConfiguration section */
		1D6058940D05DD3E006BFB54 /* Debug */ = {
			isa = XCBuildConfiguration;
			buildSettings = {
				ALWAYS_SEARCH_USER_PATHS = NO;
				CODE_SIGN_IDENTITY = "";
				"CODE_SIGN_IDENTITY[sdk=iphoneos*]" = "iPhone Developer";
				COPY_PHASE_STRIP = NO;
				GCC_DYNAMIC_NO_PIC = NO;
				GCC_OPTIMIZATION_LEVEL = 0;
				GCC_PRECOMPILE_PREFIX_HEADER = YES;
				GCC_PREFIX_HEADER = "ApoyarA1 Complaints V2.1_Prefix.pch";
				HEADER_SEARCH_PATHS = "";
				"HEADER_SEARCH_PATHS[arch=*]" = kal/src;
				INFOPLIST_FILE = Info.plist;
				IPHONEOS_DEPLOYMENT_TARGET = 8.1;
				PRODUCT_NAME = "ApoyarA1 Complaints V2.1";
				PROVISIONING_PROFILE = "";
				"PROVISIONING_PROFILE[sdk=iphoneos*]" = "";
				SDKROOT = iphoneos9.2;
				TARGETED_DEVICE_FAMILY = 1;
			};
			name = Debug;
		};
		1D6058950D05DD3E006BFB54 /* Release */ = {
			isa = XCBuildConfiguration;
			buildSettings = {
				ALWAYS_SEARCH_USER_PATHS = NO;
				CODE_SIGN_IDENTITY = "";
				"CODE_SIGN_IDENTITY[sdk=iphoneos*]" = "iPhone Developer";
				COPY_PHASE_STRIP = YES;
				GCC_PRECOMPILE_PREFIX_HEADER = YES;
				GCC_PREFIX_HEADER = "ApoyarA1 Complaints V2.1_Prefix.pch";
				HEADER_SEARCH_PATHS = "";
				INFOPLIST_FILE = Info.plist;
				IPHONEOS_DEPLOYMENT_TARGET = 8.1;
				PRODUCT_NAME = "ApoyarA1 Complaints V2.1";
				PROVISIONING_PROFILE = "";
				"PROVISIONING_PROFILE[sdk=iphoneos*]" = "";
				SDKROOT = iphoneos9.2;
				TARGETED_DEVICE_FAMILY = 1;
			};
			name = Release;
		};
		C01FCF4F08A954540054247B /* Debug */ = {
			isa = XCBuildConfiguration;
			buildSettings = {
				CODE_SIGN_IDENTITY = "";
				"CODE_SIGN_IDENTITY[sdk=iphoneos*]" = "iPhone Developer";
				GCC_C_LANGUAGE_STANDARD = c99;
				GCC_WARN_ABOUT_RETURN_TYPE = YES;
				GCC_WARN_UNUSED_VARIABLE = YES;
				IPHONEOS_DEPLOYMENT_TARGET = 8.1;
				ONLY_ACTIVE_ARCH = YES;
				PROVISIONING_PROFILE = "";
				"PROVISIONING_PROFILE[sdk=iphoneos*]" = "";
				SDKROOT = iphoneos9.2;
			};
			name = Debug;
		};
		C01FCF5008A954540054247B /* Release */ = {
			isa = XCBuildConfiguration;
			buildSettings = {
				CODE_SIGN_IDENTITY = "";
				"CODE_SIGN_IDENTITY[sdk=iphoneos*]" = "iPhone Developer";
				GCC_C_LANGUAGE_STANDARD = c99;
				GCC_WARN_ABOUT_RETURN_TYPE = YES;
				GCC_WARN_UNUSED_VARIABLE = YES;
				IPHONEOS_DEPLOYMENT_TARGET = 8.1;
				PROVISIONING_PROFILE = "";
				"PROVISIONING_PROFILE[sdk=iphoneos*]" = "";
				SDKROOT = iphoneos9.2;
			};
			name = Release;
		};
/* End XCBuildConfiguration section */

/* Begin XCConfigurationList section */
		1D6058960D05DD3E006BFB54 /* Build configuration list for PBXNativeTarget "ApoyarA1 Complaints V2.1" */ = {
			isa = XCConfigurationList;
			buildConfigurations = (
				1D6058940D05DD3E006BFB54 /* Debug */,
				1D6058950D05DD3E006BFB54 /* Release */,
			);
			defaultConfigurationIsVisible = 0;
			defaultConfigurationName = Release;
		};
		C01FCF4E08A954540054247B /* Build configuration list for PBXProject "ApoyarA1 Complaints V2.1" */ = {
			isa = XCConfigurationList;
			buildConfigurations = (
				C01FCF4F08A954540054247B /* Debug */,
				C01FCF5008A954540054247B /* Release */,
			);
			defaultConfigurationIsVisible = 0;
			defaultConfigurationName = Release;
		};
/* End XCConfigurationList section */
	};
	rootObject = 29B97313FDCFA39411CA2CEA /* Project object */;
}
